{
  "name": "diExample",
  "version": "1.0.0",
  "lockfileVersion": 1,
  "requires": true,
  "dependencies": {
    "sandboxed-fs": {
      "version": "0.3.1",
      "resolved": "https://registry.npmjs.org/sandboxed-fs/-/sandboxed-fs-0.3.1.tgz",
      "integrity": "sha512-O9/L//PA4iiq98Nk7WzAK21b7X8EQ+DTSY0AUx62GxEkjm2erTmrVck3G5PfYcrdz6ym/V2YPHJXH1emX4KoRQ=="
    }
  }
}
