{
  "name": "diExample",
  "version": "1.0.1",
  "lockfileVersion": 1,
  "requires": true,
  "dependencies": {
    "sandboxed-fs": {
      "version": "0.3.2",
      "resolved": "https://registry.npmjs.org/sandboxed-fs/-/sandboxed-fs-0.3.2.tgz",
      "integrity": "sha512-MVatejmW+hJ5ovkxQkJJO0EsTbdjh9LhvQcGgVRu64NJCchR9yCuUcXLoDSuS4E9bbOyWHa9HZZPCD1bqET3uQ=="
    }
  }
}
