{
  "requires": true,
  "lockfileVersion": 1,
  "dependencies": {
    "sandboxed-fs": {
      "version": "0.3.0",
      "resolved": "https://registry.npmjs.org/sandboxed-fs/-/sandboxed-fs-0.3.0.tgz",
      "integrity": "sha512-IBb+7d7oJSF7HKN4mYXyQsmCSy0tDGd+sjZvbILV/66LFvZt+e0kTC8uyY1yaUnjOm8/jSoYt0S92kPjUuU9og=="
    }
  }
}
